{
  "name": "umapure",
  "lockfileVersion": 3,
  "requires": true,
  "packages": {
    "": {
      "dependencies": {
        "chrome-types": "^0.1.301"
      }
    },
    "node_modules/chrome-types": {
      "version": "0.1.301",
      "resolved": "https://registry.npmjs.org/chrome-types/-/chrome-types-0.1.301.tgz",
      "integrity": "sha512-cbht/K7PS/T+7tqcNaLset7qqHxFZLBlX4/4Bb3jTTV1h/5JBEvfnGSi/6FNHnUQKs9NYn0MG0YDjKA0v9KiNQ=="
    }
  }
}
